
Microsoft Visual Studio Solution File, Format Version 12.00
# Visual Studio 15
VisualStudioVersion = 15.0.28307.136
MinimumVisualStudioVersion = 10.0.40219.1
Project("{8BC9CEB8-8B4A-11D0-8D11-00A0C91BC942}") = "数组—约舍夫环", "数组—约舍夫环\数组—约舍夫环.vcxproj", "{84417BD6-4129-49E1-ACEC-ED780B389B89}"
EndProject
Global
	GlobalSection(SolutionConfigurationPlatforms) = preSolution
		Debug|x64 = Debug|x64
		Debug|x86 = Debug|x86
		Release|x64 = Release|x64
		Release|x86 = Release|x86
	EndGlobalSection
	GlobalSection(ProjectConfigurationPlatforms) = postSolution
		{84417BD6-4129-49E1-ACEC-ED780B389B89}.Debug|x64.ActiveCfg = Debug|x64
		{84417BD6-4129-49E1-ACEC-ED780B389B89}.Debug|x64.Build.0 = Debug|x64
		{84417BD6-4129-49E1-ACEC-ED780B389B89}.Debug|x86.ActiveCfg = Debug|Win32
		{84417BD6-4129-49E1-ACEC-ED780B389B89}.Debug|x86.Build.0 = Debug|Win32
		{84417BD6-4129-49E1-ACEC-ED780B389B89}.Release|x64.ActiveCfg = Release|x64
		{84417BD6-4129-49E1-ACEC-ED780B389B89}.Release|x64.Build.0 = Release|x64
		{84417BD6-4129-49E1-ACEC-ED780B389B89}.Release|x86.ActiveCfg = Release|Win32
		{84417BD6-4129-49E1-ACEC-ED780B389B89}.Release|x86.Build.0 = Release|Win32
	EndGlobalSection
	GlobalSection(SolutionProperties) = preSolution
		HideSolutionNode = FALSE
	EndGlobalSection
	GlobalSection(ExtensibilityGlobals) = postSolution
		SolutionGuid = {2FC6D441-02EC-4730-B785-07C3334F7163}
	EndGlobalSection
EndGlobal
