
Microsoft Visual Studio Solution File, Format Version 12.00
# Visual Studio 15
VisualStudioVersion = 15.0.28010.2050
MinimumVisualStudioVersion = 10.0.40219.1
Project("{8BC9CEB8-8B4A-11D0-8D11-00A0C91BC942}") = "求 Π的近似值", "求 Π的近似值\求 Π的近似值.vcxproj", "{31E6A55A-02DE-4AAC-926A-2BB2615428A5}"
EndProject
Global
	GlobalSection(SolutionConfigurationPlatforms) = preSolution
		Debug|x64 = Debug|x64
		Debug|x86 = Debug|x86
		Release|x64 = Release|x64
		Release|x86 = Release|x86
	EndGlobalSection
	GlobalSection(ProjectConfigurationPlatforms) = postSolution
		{31E6A55A-02DE-4AAC-926A-2BB2615428A5}.Debug|x64.ActiveCfg = Debug|x64
		{31E6A55A-02DE-4AAC-926A-2BB2615428A5}.Debug|x64.Build.0 = Debug|x64
		{31E6A55A-02DE-4AAC-926A-2BB2615428A5}.Debug|x86.ActiveCfg = Debug|Win32
		{31E6A55A-02DE-4AAC-926A-2BB2615428A5}.Debug|x86.Build.0 = Debug|Win32
		{31E6A55A-02DE-4AAC-926A-2BB2615428A5}.Release|x64.ActiveCfg = Release|x64
		{31E6A55A-02DE-4AAC-926A-2BB2615428A5}.Release|x64.Build.0 = Release|x64
		{31E6A55A-02DE-4AAC-926A-2BB2615428A5}.Release|x86.ActiveCfg = Release|Win32
		{31E6A55A-02DE-4AAC-926A-2BB2615428A5}.Release|x86.Build.0 = Release|Win32
	EndGlobalSection
	GlobalSection(SolutionProperties) = preSolution
		HideSolutionNode = FALSE
	EndGlobalSection
	GlobalSection(ExtensibilityGlobals) = postSolution
		SolutionGuid = {43B31F4B-C49D-4378-B3D4-6A717D6CACEF}
	EndGlobalSection
EndGlobal
