
Microsoft Visual Studio Solution File, Format Version 12.00
# Visual Studio 15
VisualStudioVersion = 15.0.28307.136
MinimumVisualStudioVersion = 10.0.40219.1
Project("{8BC9CEB8-8B4A-11D0-8D11-00A0C91BC942}") = "多项式相加相乘", "多项式相加相乘\多项式相加相乘.vcxproj", "{71DB54E0-B2CE-42BC-9900-D7CF6883C266}"
EndProject
Global
	GlobalSection(SolutionConfigurationPlatforms) = preSolution
		Debug|x64 = Debug|x64
		Debug|x86 = Debug|x86
		Release|x64 = Release|x64
		Release|x86 = Release|x86
	EndGlobalSection
	GlobalSection(ProjectConfigurationPlatforms) = postSolution
		{71DB54E0-B2CE-42BC-9900-D7CF6883C266}.Debug|x64.ActiveCfg = Debug|x64
		{71DB54E0-B2CE-42BC-9900-D7CF6883C266}.Debug|x64.Build.0 = Debug|x64
		{71DB54E0-B2CE-42BC-9900-D7CF6883C266}.Debug|x86.ActiveCfg = Debug|Win32
		{71DB54E0-B2CE-42BC-9900-D7CF6883C266}.Debug|x86.Build.0 = Debug|Win32
		{71DB54E0-B2CE-42BC-9900-D7CF6883C266}.Release|x64.ActiveCfg = Release|x64
		{71DB54E0-B2CE-42BC-9900-D7CF6883C266}.Release|x64.Build.0 = Release|x64
		{71DB54E0-B2CE-42BC-9900-D7CF6883C266}.Release|x86.ActiveCfg = Release|Win32
		{71DB54E0-B2CE-42BC-9900-D7CF6883C266}.Release|x86.Build.0 = Release|Win32
	EndGlobalSection
	GlobalSection(SolutionProperties) = preSolution
		HideSolutionNode = FALSE
	EndGlobalSection
	GlobalSection(ExtensibilityGlobals) = postSolution
		SolutionGuid = {66F7BEE6-76E8-41E3-9E4D-E15CFE73E5D9}
	EndGlobalSection
EndGlobal
