
Microsoft Visual Studio Solution File, Format Version 12.00
# Visual Studio Version 16
VisualStudioVersion = 16.0.28729.10
MinimumVisualStudioVersion = 10.0.40219.1
Project("{8BC9CEB8-8B4A-11D0-8D11-00A0C91BC942}") = "猴子吃桃问题", "猴子吃桃问题.vcxproj", "{FF2A0F2B-A8E6-431E-8318-547FBD115405}"
EndProject
Global
	GlobalSection(SolutionConfigurationPlatforms) = preSolution
		Debug|x64 = Debug|x64
		Debug|x86 = Debug|x86
		Release|x64 = Release|x64
		Release|x86 = Release|x86
	EndGlobalSection
	GlobalSection(ProjectConfigurationPlatforms) = postSolution
		{FF2A0F2B-A8E6-431E-8318-547FBD115405}.Debug|x64.ActiveCfg = Debug|x64
		{FF2A0F2B-A8E6-431E-8318-547FBD115405}.Debug|x64.Build.0 = Debug|x64
		{FF2A0F2B-A8E6-431E-8318-547FBD115405}.Debug|x86.ActiveCfg = Debug|Win32
		{FF2A0F2B-A8E6-431E-8318-547FBD115405}.Debug|x86.Build.0 = Debug|Win32
		{FF2A0F2B-A8E6-431E-8318-547FBD115405}.Release|x64.ActiveCfg = Release|x64
		{FF2A0F2B-A8E6-431E-8318-547FBD115405}.Release|x64.Build.0 = Release|x64
		{FF2A0F2B-A8E6-431E-8318-547FBD115405}.Release|x86.ActiveCfg = Release|Win32
		{FF2A0F2B-A8E6-431E-8318-547FBD115405}.Release|x86.Build.0 = Release|Win32
	EndGlobalSection
	GlobalSection(SolutionProperties) = preSolution
		HideSolutionNode = FALSE
	EndGlobalSection
	GlobalSection(ExtensibilityGlobals) = postSolution
		SolutionGuid = {8844BBF3-7B31-49D4-ABBB-75E9EEF030A3}
	EndGlobalSection
EndGlobal
