
Microsoft Visual Studio Solution File, Format Version 11.00
# Visual Studio 2010
Project("{8BC9CEB8-8B4A-11D0-8D11-00A0C91BC942}") = "9_23_1 (代码练习）", "9_23_1 (代码练习）\9_23_1 (代码练习）.vcxproj", "{D300C5F1-3CFB-4977-9F8A-CBD005CA900E}"
EndProject
Global
	GlobalSection(SolutionConfigurationPlatforms) = preSolution
		Debug|Win32 = Debug|Win32
		Release|Win32 = Release|Win32
	EndGlobalSection
	GlobalSection(ProjectConfigurationPlatforms) = postSolution
		{D300C5F1-3CFB-4977-9F8A-CBD005CA900E}.Debug|Win32.ActiveCfg = Debug|Win32
		{D300C5F1-3CFB-4977-9F8A-CBD005CA900E}.Debug|Win32.Build.0 = Debug|Win32
		{D300C5F1-3CFB-4977-9F8A-CBD005CA900E}.Release|Win32.ActiveCfg = Release|Win32
		{D300C5F1-3CFB-4977-9F8A-CBD005CA900E}.Release|Win32.Build.0 = Release|Win32
	EndGlobalSection
	GlobalSection(SolutionProperties) = preSolution
		HideSolutionNode = FALSE
	EndGlobalSection
EndGlobal
